
Microsoft Visual Studio Solution File, Format Version 12.00
# Visual Studio Version 16
VisualStudioVersion = 16.0.30011.22
MinimumVisualStudioVersion = 10.0.40219.1
Project("{8BC9CEB8-8B4A-11D0-8D11-00A0C91BC942}") = "F20_files", "F20_files\F20_files.vcxproj", "{CDCE5C15-0F00-40C5-B930-6A47FC4B3D96}"
EndProject
Global
	GlobalSection(SolutionConfigurationPlatforms) = preSolution
		Debug|x64 = Debug|x64
		Debug|x86 = Debug|x86
		Release|x64 = Release|x64
		Release|x86 = Release|x86
	EndGlobalSection
	GlobalSection(ProjectConfigurationPlatforms) = postSolution
		{CDCE5C15-0F00-40C5-B930-6A47FC4B3D96}.Debug|x64.ActiveCfg = Debug|x64
		{CDCE5C15-0F00-40C5-B930-6A47FC4B3D96}.Debug|x64.Build.0 = Debug|x64
		{CDCE5C15-0F00-40C5-B930-6A47FC4B3D96}.Debug|x86.ActiveCfg = Debug|Win32
		{CDCE5C15-0F00-40C5-B930-6A47FC4B3D96}.Debug|x86.Build.0 = Debug|Win32
		{CDCE5C15-0F00-40C5-B930-6A47FC4B3D96}.Release|x64.ActiveCfg = Release|x64
		{CDCE5C15-0F00-40C5-B930-6A47FC4B3D96}.Release|x64.Build.0 = Release|x64
		{CDCE5C15-0F00-40C5-B930-6A47FC4B3D96}.Release|x86.ActiveCfg = Release|Win32
		{CDCE5C15-0F00-40C5-B930-6A47FC4B3D96}.Release|x86.Build.0 = Release|Win32
	EndGlobalSection
	GlobalSection(SolutionProperties) = preSolution
		HideSolutionNode = FALSE
	EndGlobalSection
	GlobalSection(ExtensibilityGlobals) = postSolution
		SolutionGuid = {A9BACA2E-04E0-49DF-959D-A22021AECBE3}
	EndGlobalSection
EndGlobal
